
Microsoft Visual Studio Solution File, Format Version 12.00
# Visual Studio Version 16
VisualStudioVersion = 16.0.30011.22
MinimumVisualStudioVersion = 10.0.40219.1
Project("{FAE04EC0-301F-11D3-BF4B-00C04F79EFBC}") = "dk_H_2_4", "dk_H_2_4\dk_H_2_4.csproj", "{996815D1-EFC2-4F13-A6AA-17B2C9C20E4A}"
EndProject
Global
	GlobalSection(SolutionConfigurationPlatforms) = preSolution
		Debug|Any CPU = Debug|Any CPU
		Release|Any CPU = Release|Any CPU
	EndGlobalSection
	GlobalSection(ProjectConfigurationPlatforms) = postSolution
		{996815D1-EFC2-4F13-A6AA-17B2C9C20E4A}.Debug|Any CPU.ActiveCfg = Debug|Any CPU
		{996815D1-EFC2-4F13-A6AA-17B2C9C20E4A}.Debug|Any CPU.Build.0 = Debug|Any CPU
		{996815D1-EFC2-4F13-A6AA-17B2C9C20E4A}.Release|Any CPU.ActiveCfg = Release|Any CPU
		{996815D1-EFC2-4F13-A6AA-17B2C9C20E4A}.Release|Any CPU.Build.0 = Release|Any CPU
	EndGlobalSection
	GlobalSection(SolutionProperties) = preSolution
		HideSolutionNode = FALSE
	EndGlobalSection
	GlobalSection(ExtensibilityGlobals) = postSolution
		SolutionGuid = {BAC9089A-3D85-4545-B228-A5F71901E9C4}
	EndGlobalSection
EndGlobal
