
Microsoft Visual Studio Solution File, Format Version 12.00
# Visual Studio Version 16
VisualStudioVersion = 16.0.30011.22
MinimumVisualStudioVersion = 10.0.40219.1
Project("{FAE04EC0-301F-11D3-BF4B-00C04F79EFBC}") = "dk_H_3_6", "dk_H_3_6\dk_H_3_6.csproj", "{83EA0B03-8920-4A95-AD5D-1F7EDF84F8F7}"
EndProject
Global
	GlobalSection(SolutionConfigurationPlatforms) = preSolution
		Debug|Any CPU = Debug|Any CPU
		Release|Any CPU = Release|Any CPU
	EndGlobalSection
	GlobalSection(ProjectConfigurationPlatforms) = postSolution
		{83EA0B03-8920-4A95-AD5D-1F7EDF84F8F7}.Debug|Any CPU.ActiveCfg = Debug|Any CPU
		{83EA0B03-8920-4A95-AD5D-1F7EDF84F8F7}.Debug|Any CPU.Build.0 = Debug|Any CPU
		{83EA0B03-8920-4A95-AD5D-1F7EDF84F8F7}.Release|Any CPU.ActiveCfg = Release|Any CPU
		{83EA0B03-8920-4A95-AD5D-1F7EDF84F8F7}.Release|Any CPU.Build.0 = Release|Any CPU
	EndGlobalSection
	GlobalSection(SolutionProperties) = preSolution
		HideSolutionNode = FALSE
	EndGlobalSection
	GlobalSection(ExtensibilityGlobals) = postSolution
		SolutionGuid = {00BAF8C1-E4A3-4653-A3CF-9FD8198979E5}
	EndGlobalSection
EndGlobal
